
Microsoft Visual Studio Solution File, Format Version 12.00
Project("{FAE04EC0-301F-11D3-BF4B-00C04F79EFBC}") = "Aoc1", "Aoc1\Aoc1.csproj", "{C9324A4C-C28D-4115-9A0A-2389619EE118}"
EndProject
Project("{FAE04EC0-301F-11D3-BF4B-00C04F79EFBC}") = "aocday3", "aocday3\aocday3.csproj", "{626DACB6-B863-4F72-9D13-31718708B105}"
EndProject
Project("{FAE04EC0-301F-11D3-BF4B-00C04F79EFBC}") = "aocday4", "aocday4\aocday4.csproj", "{002A3923-EBD4-4294-AB64-938B4F647347}"
EndProject
Project("{FAE04EC0-301F-11D3-BF4B-00C04F79EFBC}") = "aocday5", "aocday5\aocday5.csproj", "{D0C67A23-0C1B-4050-82C3-751259346D81}"
EndProject
Project("{FAE04EC0-301F-11D3-BF4B-00C04F79EFBC}") = "aocday6", "aocday6\aocday6.csproj", "{13810063-178A-48B8-A865-4A6008444C5D}"
EndProject
Project("{FAE04EC0-301F-11D3-BF4B-00C04F79EFBC}") = "aocday7", "aocday7\aocday7.csproj", "{B74E485B-7BD0-4EE9-B400-055CA6B57F09}"
EndProject
Project("{FAE04EC0-301F-11D3-BF4B-00C04F79EFBC}") = "aocextensions", "aocextensions\aocextensions.csproj", "{2A2AA064-41C8-4C9A-A684-A37DCCF6C732}"
EndProject
Project("{FAE04EC0-301F-11D3-BF4B-00C04F79EFBC}") = "aocday8", "aocday8\aocday8.csproj", "{6C8C5898-1310-44BA-A9B9-1C9BD6D491B3}"
EndProject
Project("{FAE04EC0-301F-11D3-BF4B-00C04F79EFBC}") = "aocday9", "aocday9\aocday9.csproj", "{07A7907C-B9F4-4628-BBAB-B941AC1BA682}"
EndProject
Project("{FAE04EC0-301F-11D3-BF4B-00C04F79EFBC}") = "aocday10", "aocday10\aocday10.csproj", "{EEED56E8-6554-419C-8B77-0F6CECD39954}"
EndProject
Project("{FAE04EC0-301F-11D3-BF4B-00C04F79EFBC}") = "aocday11", "aocday11\aocday11.csproj", "{1766814F-A95C-4EFD-9E94-0FEB14FA6316}"
EndProject
Project("{FAE04EC0-301F-11D3-BF4B-00C04F79EFBC}") = "aocday12", "aocday12\aocday12.csproj", "{4FE772CA-B083-490D-B49A-2399A70ECB86}"
EndProject
Project("{FAE04EC0-301F-11D3-BF4B-00C04F79EFBC}") = "aocday13", "aocday13\aocday13.csproj", "{1D04677C-FB7C-4AA1-A268-2D0B4123DFE7}"
EndProject
Project("{FAE04EC0-301F-11D3-BF4B-00C04F79EFBC}") = "aocday14", "aocday14\aocday14.csproj", "{EF3E3706-A465-4F97-AB62-4E8CC07C014E}"
EndProject
Global
	GlobalSection(SolutionConfigurationPlatforms) = preSolution
		Debug|Any CPU = Debug|Any CPU
		Release|Any CPU = Release|Any CPU
	EndGlobalSection
	GlobalSection(ProjectConfigurationPlatforms) = postSolution
		{C9324A4C-C28D-4115-9A0A-2389619EE118}.Debug|Any CPU.ActiveCfg = Debug|Any CPU
		{C9324A4C-C28D-4115-9A0A-2389619EE118}.Debug|Any CPU.Build.0 = Debug|Any CPU
		{C9324A4C-C28D-4115-9A0A-2389619EE118}.Release|Any CPU.ActiveCfg = Release|Any CPU
		{C9324A4C-C28D-4115-9A0A-2389619EE118}.Release|Any CPU.Build.0 = Release|Any CPU
		{626DACB6-B863-4F72-9D13-31718708B105}.Debug|Any CPU.ActiveCfg = Debug|Any CPU
		{626DACB6-B863-4F72-9D13-31718708B105}.Debug|Any CPU.Build.0 = Debug|Any CPU
		{626DACB6-B863-4F72-9D13-31718708B105}.Release|Any CPU.ActiveCfg = Release|Any CPU
		{626DACB6-B863-4F72-9D13-31718708B105}.Release|Any CPU.Build.0 = Release|Any CPU
		{002A3923-EBD4-4294-AB64-938B4F647347}.Debug|Any CPU.ActiveCfg = Debug|Any CPU
		{002A3923-EBD4-4294-AB64-938B4F647347}.Debug|Any CPU.Build.0 = Debug|Any CPU
		{002A3923-EBD4-4294-AB64-938B4F647347}.Release|Any CPU.ActiveCfg = Release|Any CPU
		{002A3923-EBD4-4294-AB64-938B4F647347}.Release|Any CPU.Build.0 = Release|Any CPU
		{D0C67A23-0C1B-4050-82C3-751259346D81}.Debug|Any CPU.ActiveCfg = Debug|Any CPU
		{D0C67A23-0C1B-4050-82C3-751259346D81}.Debug|Any CPU.Build.0 = Debug|Any CPU
		{D0C67A23-0C1B-4050-82C3-751259346D81}.Release|Any CPU.ActiveCfg = Release|Any CPU
		{D0C67A23-0C1B-4050-82C3-751259346D81}.Release|Any CPU.Build.0 = Release|Any CPU
		{13810063-178A-48B8-A865-4A6008444C5D}.Debug|Any CPU.ActiveCfg = Debug|Any CPU
		{13810063-178A-48B8-A865-4A6008444C5D}.Debug|Any CPU.Build.0 = Debug|Any CPU
		{13810063-178A-48B8-A865-4A6008444C5D}.Release|Any CPU.ActiveCfg = Release|Any CPU
		{13810063-178A-48B8-A865-4A6008444C5D}.Release|Any CPU.Build.0 = Release|Any CPU
		{B74E485B-7BD0-4EE9-B400-055CA6B57F09}.Debug|Any CPU.ActiveCfg = Debug|Any CPU
		{B74E485B-7BD0-4EE9-B400-055CA6B57F09}.Debug|Any CPU.Build.0 = Debug|Any CPU
		{B74E485B-7BD0-4EE9-B400-055CA6B57F09}.Release|Any CPU.ActiveCfg = Release|Any CPU
		{B74E485B-7BD0-4EE9-B400-055CA6B57F09}.Release|Any CPU.Build.0 = Release|Any CPU
		{2A2AA064-41C8-4C9A-A684-A37DCCF6C732}.Debug|Any CPU.ActiveCfg = Debug|Any CPU
		{2A2AA064-41C8-4C9A-A684-A37DCCF6C732}.Debug|Any CPU.Build.0 = Debug|Any CPU
		{2A2AA064-41C8-4C9A-A684-A37DCCF6C732}.Release|Any CPU.ActiveCfg = Release|Any CPU
		{2A2AA064-41C8-4C9A-A684-A37DCCF6C732}.Release|Any CPU.Build.0 = Release|Any CPU
		{6C8C5898-1310-44BA-A9B9-1C9BD6D491B3}.Debug|Any CPU.ActiveCfg = Debug|Any CPU
		{6C8C5898-1310-44BA-A9B9-1C9BD6D491B3}.Debug|Any CPU.Build.0 = Debug|Any CPU
		{6C8C5898-1310-44BA-A9B9-1C9BD6D491B3}.Release|Any CPU.ActiveCfg = Release|Any CPU
		{6C8C5898-1310-44BA-A9B9-1C9BD6D491B3}.Release|Any CPU.Build.0 = Release|Any CPU
		{07A7907C-B9F4-4628-BBAB-B941AC1BA682}.Debug|Any CPU.ActiveCfg = Debug|Any CPU
		{07A7907C-B9F4-4628-BBAB-B941AC1BA682}.Debug|Any CPU.Build.0 = Debug|Any CPU
		{07A7907C-B9F4-4628-BBAB-B941AC1BA682}.Release|Any CPU.ActiveCfg = Release|Any CPU
		{07A7907C-B9F4-4628-BBAB-B941AC1BA682}.Release|Any CPU.Build.0 = Release|Any CPU
		{EEED56E8-6554-419C-8B77-0F6CECD39954}.Debug|Any CPU.ActiveCfg = Debug|Any CPU
		{EEED56E8-6554-419C-8B77-0F6CECD39954}.Debug|Any CPU.Build.0 = Debug|Any CPU
		{EEED56E8-6554-419C-8B77-0F6CECD39954}.Release|Any CPU.ActiveCfg = Release|Any CPU
		{EEED56E8-6554-419C-8B77-0F6CECD39954}.Release|Any CPU.Build.0 = Release|Any CPU
		{1766814F-A95C-4EFD-9E94-0FEB14FA6316}.Debug|Any CPU.ActiveCfg = Debug|Any CPU
		{1766814F-A95C-4EFD-9E94-0FEB14FA6316}.Debug|Any CPU.Build.0 = Debug|Any CPU
		{1766814F-A95C-4EFD-9E94-0FEB14FA6316}.Release|Any CPU.ActiveCfg = Release|Any CPU
		{1766814F-A95C-4EFD-9E94-0FEB14FA6316}.Release|Any CPU.Build.0 = Release|Any CPU
		{4FE772CA-B083-490D-B49A-2399A70ECB86}.Debug|Any CPU.ActiveCfg = Debug|Any CPU
		{4FE772CA-B083-490D-B49A-2399A70ECB86}.Debug|Any CPU.Build.0 = Debug|Any CPU
		{4FE772CA-B083-490D-B49A-2399A70ECB86}.Release|Any CPU.ActiveCfg = Release|Any CPU
		{4FE772CA-B083-490D-B49A-2399A70ECB86}.Release|Any CPU.Build.0 = Release|Any CPU
		{1D04677C-FB7C-4AA1-A268-2D0B4123DFE7}.Debug|Any CPU.ActiveCfg = Debug|Any CPU
		{1D04677C-FB7C-4AA1-A268-2D0B4123DFE7}.Debug|Any CPU.Build.0 = Debug|Any CPU
		{1D04677C-FB7C-4AA1-A268-2D0B4123DFE7}.Release|Any CPU.ActiveCfg = Release|Any CPU
		{1D04677C-FB7C-4AA1-A268-2D0B4123DFE7}.Release|Any CPU.Build.0 = Release|Any CPU
		{EF3E3706-A465-4F97-AB62-4E8CC07C014E}.Debug|Any CPU.ActiveCfg = Debug|Any CPU
		{EF3E3706-A465-4F97-AB62-4E8CC07C014E}.Debug|Any CPU.Build.0 = Debug|Any CPU
		{EF3E3706-A465-4F97-AB62-4E8CC07C014E}.Release|Any CPU.ActiveCfg = Release|Any CPU
		{EF3E3706-A465-4F97-AB62-4E8CC07C014E}.Release|Any CPU.Build.0 = Release|Any CPU
	EndGlobalSection
EndGlobal
